
Microsoft Visual Studio Solution File, Format Version 12.00
# Visual Studio 15
VisualStudioVersion = 15.0.28307.1169
MinimumVisualStudioVersion = 10.0.40219.1
Project("{FAE04EC0-301F-11D3-BF4B-00C04F79EFBC}") = "plcSocket", "plcSocket\plcSocket.csproj", "{CE32F79A-36DC-4A93-917B-046E4CBD7247}"
EndProject
Global
	GlobalSection(SolutionConfigurationPlatforms) = preSolution
		Debug|Any CPU = Debug|Any CPU
		Release|Any CPU = Release|Any CPU
	EndGlobalSection
	GlobalSection(ProjectConfigurationPlatforms) = postSolution
		{CE32F79A-36DC-4A93-917B-046E4CBD7247}.Debug|Any CPU.ActiveCfg = Debug|Any CPU
		{CE32F79A-36DC-4A93-917B-046E4CBD7247}.Debug|Any CPU.Build.0 = Debug|Any CPU
		{CE32F79A-36DC-4A93-917B-046E4CBD7247}.Release|Any CPU.ActiveCfg = Release|Any CPU
		{CE32F79A-36DC-4A93-917B-046E4CBD7247}.Release|Any CPU.Build.0 = Release|Any CPU
	EndGlobalSection
	GlobalSection(SolutionProperties) = preSolution
		HideSolutionNode = FALSE
	EndGlobalSection
	GlobalSection(ExtensibilityGlobals) = postSolution
		SolutionGuid = {ED83A2A8-3029-4323-A108-70C16C4FA418}
	EndGlobalSection
EndGlobal
